
Microsoft Visual Studio Solution File, Format Version 12.00
# Visual Studio 15
VisualStudioVersion = 15.0.28307.136
MinimumVisualStudioVersion = 10.0.40219.1
Project("{FAE04EC0-301F-11D3-BF4B-00C04F79EFBC}") = "E-project", "E-project\E-project.csproj", "{3A0536C5-668B-43DD-BF58-4B9B03A9FF65}"
EndProject
Global
	GlobalSection(SolutionConfigurationPlatforms) = preSolution
		Debug|Any CPU = Debug|Any CPU
		Release|Any CPU = Release|Any CPU
	EndGlobalSection
	GlobalSection(ProjectConfigurationPlatforms) = postSolution
		{3A0536C5-668B-43DD-BF58-4B9B03A9FF65}.Debug|Any CPU.ActiveCfg = Debug|Any CPU
		{3A0536C5-668B-43DD-BF58-4B9B03A9FF65}.Debug|Any CPU.Build.0 = Debug|Any CPU
		{3A0536C5-668B-43DD-BF58-4B9B03A9FF65}.Release|Any CPU.ActiveCfg = Release|Any CPU
		{3A0536C5-668B-43DD-BF58-4B9B03A9FF65}.Release|Any CPU.Build.0 = Release|Any CPU
	EndGlobalSection
	GlobalSection(SolutionProperties) = preSolution
		HideSolutionNode = FALSE
	EndGlobalSection
	GlobalSection(ExtensibilityGlobals) = postSolution
		SolutionGuid = {23A1E16A-5DF0-4A85-AEBD-649644B40368}
	EndGlobalSection
EndGlobal
